{
  "name": "simple",
  "version": "1.0.0",
  "lockfileVersion": 3,
  "requires": true,
  "packages": {
    "": {
      "name": "simple",
      "version": "1.0.0",
      "license": "MIT",
      "dependencies": {
        "google-merchant-feed": "file:../../"
      }
    },
    "../..": {
      "version": "0.1.0",
      "license": "MIT",
      "dependencies": {
        "xmlbuilder2": "^4.0.3"
      },
      "devDependencies": {
        "@types/jest": "^30.0.0",
        "@types/node": "^18.19.130",
        "husky": "^9.1.7",
        "jest": "^30.2.0",
        "prettier": "^3.8.1",
        "ts-jest": "^29.4.6",
        "tslib": "^2.8.1",
        "typescript": "^5.9.3"
      },
      "engines": {
        "node": ">=18"
      }
    },
    "node_modules/google-merchant-feed": {
      "resolved": "../..",
      "link": true
    }
  }
}
